// !$*UTF8*$!
{
	archiveVersion = 1;
	classes = {
	};
	objectVersion = 55;
	objects = {

/* Begin PBXBuildFile section */
		B72D06A028BF70D500389D58 /* ListDataCollectionViewCell.swift in Sources */ = {isa = PBXBuildFile; fileRef = B72D069F28BF70D500389D58 /* ListDataCollectionViewCell.swift */; };
		B73F791E28BDD9700038E1A9 /* AppDelegate.swift in Sources */ = {isa = PBXBuildFile; fileRef = B73F791D28BDD9700038E1A9 /* AppDelegate.swift */; };
		B73F792028BDD9700038E1A9 /* SceneDelegate.swift in Sources */ = {isa = PBXBuildFile; fileRef = B73F791F28BDD9700038E1A9 /* SceneDelegate.swift */; };
		B73F792228BDD9700038E1A9 /* ViewController.swift in Sources */ = {isa = PBXBuildFile; fileRef = B73F792128BDD9700038E1A9 /* ViewController.swift */; };
		B73F792528BDD9700038E1A9 /* Main.storyboard in Resources */ = {isa = PBXBuildFile; fileRef = B73F792328BDD9700038E1A9 /* Main.storyboard */; };
		B73F792728BDD9710038E1A9 /* Assets.xcassets in Resources */ = {isa = PBXBuildFile; fileRef = B73F792628BDD9710038E1A9 /* Assets.xcassets */; };
		B73F792A28BDD9710038E1A9 /* LaunchScreen.storyboard in Resources */ = {isa = PBXBuildFile; fileRef = B73F792828BDD9710038E1A9 /* LaunchScreen.storyboard */; };
		B73F793528BDD9B70038E1A9 /* CONTENTLISTINGPAGE-PAGE2.json in Resources */ = {isa = PBXBuildFile; fileRef = B73F793228BDD9B70038E1A9 /* CONTENTLISTINGPAGE-PAGE2.json */; };
		B73F793628BDD9B70038E1A9 /* CONTENTLISTINGPAGE-PAGE1.json in Resources */ = {isa = PBXBuildFile; fileRef = B73F793328BDD9B70038E1A9 /* CONTENTLISTINGPAGE-PAGE1.json */; };
		B73F793728BDD9B70038E1A9 /* CONTENTLISTINGPAGE-PAGE3.json in Resources */ = {isa = PBXBuildFile; fileRef = B73F793428BDD9B70038E1A9 /* CONTENTLISTINGPAGE-PAGE3.json */; };
		B73F795F28BDE7620038E1A9 /* TitilliumWeb-Black.ttf in Resources */ = {isa = PBXBuildFile; fileRef = B73F795328BDE7620038E1A9 /* TitilliumWeb-Black.ttf */; };
		B73F796028BDE7620038E1A9 /* TitilliumWeb-Bold.ttf in Resources */ = {isa = PBXBuildFile; fileRef = B73F795428BDE7620038E1A9 /* TitilliumWeb-Bold.ttf */; };
		B73F796128BDE7620038E1A9 /* TitilliumWeb-Regular.ttf in Resources */ = {isa = PBXBuildFile; fileRef = B73F795528BDE7620038E1A9 /* TitilliumWeb-Regular.ttf */; };
		B73F796228BDE7620038E1A9 /* TitilliumWeb-SemiBold.ttf in Resources */ = {isa = PBXBuildFile; fileRef = B73F795628BDE7620038E1A9 /* TitilliumWeb-SemiBold.ttf */; };
		B73F796328BDE7620038E1A9 /* TitilliumWeb-ExtraLight.ttf in Resources */ = {isa = PBXBuildFile; fileRef = B73F795728BDE7620038E1A9 /* TitilliumWeb-ExtraLight.ttf */; };
		B73F796428BDE7620038E1A9 /* TitilliumWeb-BoldItalic.ttf in Resources */ = {isa = PBXBuildFile; fileRef = B73F795828BDE7620038E1A9 /* TitilliumWeb-BoldItalic.ttf */; };
		B73F796528BDE7620038E1A9 /* TitilliumWeb-ExtraLightItalic.ttf in Resources */ = {isa = PBXBuildFile; fileRef = B73F795928BDE7620038E1A9 /* TitilliumWeb-ExtraLightItalic.ttf */; };
		B73F796628BDE7620038E1A9 /* OFL.txt in Resources */ = {isa = PBXBuildFile; fileRef = B73F795A28BDE7620038E1A9 /* OFL.txt */; };
		B73F796728BDE7620038E1A9 /* TitilliumWeb-SemiBoldItalic.ttf in Resources */ = {isa = PBXBuildFile; fileRef = B73F795B28BDE7620038E1A9 /* TitilliumWeb-SemiBoldItalic.ttf */; };
		B73F796828BDE7620038E1A9 /* TitilliumWeb-LightItalic.ttf in Resources */ = {isa = PBXBuildFile; fileRef = B73F795C28BDE7620038E1A9 /* TitilliumWeb-LightItalic.ttf */; };
		B73F796928BDE7620038E1A9 /* TitilliumWeb-Italic.ttf in Resources */ = {isa = PBXBuildFile; fileRef = B73F795D28BDE7620038E1A9 /* TitilliumWeb-Italic.ttf */; };
		B73F796A28BDE7620038E1A9 /* TitilliumWeb-Light.ttf in Resources */ = {isa = PBXBuildFile; fileRef = B73F795E28BDE7620038E1A9 /* TitilliumWeb-Light.ttf */; };
		B73F796F28BDF6150038E1A9 /* ViewExtension.swift in Sources */ = {isa = PBXBuildFile; fileRef = B73F796E28BDF6150038E1A9 /* ViewExtension.swift */; };
		B73F797628BE1A9E0038E1A9 /* ContentListModel.swift in Sources */ = {isa = PBXBuildFile; fileRef = B73F797528BE1A9E0038E1A9 /* ContentListModel.swift */; };
		B7D8783528C1CE66002FBE56 /* ContentListViewModel.swift in Sources */ = {isa = PBXBuildFile; fileRef = B7D8783428C1CE66002FBE56 /* ContentListViewModel.swift */; };
		B7D8783828C1CFDF002FBE56 /* InternetConnectionManager.swift in Sources */ = {isa = PBXBuildFile; fileRef = B7D8783728C1CFDF002FBE56 /* InternetConnectionManager.swift */; };
/* End PBXBuildFile section */

/* Begin PBXFileReference section */
		B72D069F28BF70D500389D58 /* ListDataCollectionViewCell.swift */ = {isa = PBXFileReference; lastKnownFileType = sourcecode.swift; path = ListDataCollectionViewCell.swift; sourceTree = "<group>"; };
		B73F791A28BDD9700038E1A9 /* Test Project.app */ = {isa = PBXFileReference; explicitFileType = wrapper.application; includeInIndex = 0; path = "Test Project.app"; sourceTree = BUILT_PRODUCTS_DIR; };
		B73F791D28BDD9700038E1A9 /* AppDelegate.swift */ = {isa = PBXFileReference; lastKnownFileType = sourcecode.swift; path = AppDelegate.swift; sourceTree = "<group>"; };
		B73F791F28BDD9700038E1A9 /* SceneDelegate.swift */ = {isa = PBXFileReference; lastKnownFileType = sourcecode.swift; path = SceneDelegate.swift; sourceTree = "<group>"; };
		B73F792128BDD9700038E1A9 /* ViewController.swift */ = {isa = PBXFileReference; lastKnownFileType = sourcecode.swift; path = ViewController.swift; sourceTree = "<group>"; };
		B73F792428BDD9700038E1A9 /* Base */ = {isa = PBXFileReference; lastKnownFileType = file.storyboard; name = Base; path = Base.lproj/Main.storyboard; sourceTree = "<group>"; };
		B73F792628BDD9710038E1A9 /* Assets.xcassets */ = {isa = PBXFileReference; lastKnownFileType = folder.assetcatalog; path = Assets.xcassets; sourceTree = "<group>"; };
		B73F792928BDD9710038E1A9 /* Base */ = {isa = PBXFileReference; lastKnownFileType = file.storyboard; name = Base; path = Base.lproj/LaunchScreen.storyboard; sourceTree = "<group>"; };
		B73F792B28BDD9710038E1A9 /* Info.plist */ = {isa = PBXFileReference; lastKnownFileType = text.plist.xml; path = Info.plist; sourceTree = "<group>"; };
		B73F793228BDD9B70038E1A9 /* CONTENTLISTINGPAGE-PAGE2.json */ = {isa = PBXFileReference; fileEncoding = 4; lastKnownFileType = text.json; path = "CONTENTLISTINGPAGE-PAGE2.json"; sourceTree = "<group>"; };
		B73F793328BDD9B70038E1A9 /* CONTENTLISTINGPAGE-PAGE1.json */ = {isa = PBXFileReference; fileEncoding = 4; lastKnownFileType = text.json; path = "CONTENTLISTINGPAGE-PAGE1.json"; sourceTree = "<group>"; };
		B73F793428BDD9B70038E1A9 /* CONTENTLISTINGPAGE-PAGE3.json */ = {isa = PBXFileReference; fileEncoding = 4; lastKnownFileType = text.json; path = "CONTENTLISTINGPAGE-PAGE3.json"; sourceTree = "<group>"; };
		B73F795328BDE7620038E1A9 /* TitilliumWeb-Black.ttf */ = {isa = PBXFileReference; lastKnownFileType = file; path = "TitilliumWeb-Black.ttf"; sourceTree = "<group>"; };
		B73F795428BDE7620038E1A9 /* TitilliumWeb-Bold.ttf */ = {isa = PBXFileReference; lastKnownFileType = file; path = "TitilliumWeb-Bold.ttf"; sourceTree = "<group>"; };
		B73F795528BDE7620038E1A9 /* TitilliumWeb-Regular.ttf */ = {isa = PBXFileReference; lastKnownFileType = file; path = "TitilliumWeb-Regular.ttf"; sourceTree = "<group>"; };
		B73F795628BDE7620038E1A9 /* TitilliumWeb-SemiBold.ttf */ = {isa = PBXFileReference; lastKnownFileType = file; path = "TitilliumWeb-SemiBold.ttf"; sourceTree = "<group>"; };
		B73F795728BDE7620038E1A9 /* TitilliumWeb-ExtraLight.ttf */ = {isa = PBXFileReference; lastKnownFileType = file; path = "TitilliumWeb-ExtraLight.ttf"; sourceTree = "<group>"; };
		B73F795828BDE7620038E1A9 /* TitilliumWeb-BoldItalic.ttf */ = {isa = PBXFileReference; lastKnownFileType = file; path = "TitilliumWeb-BoldItalic.ttf"; sourceTree = "<group>"; };
		B73F795928BDE7620038E1A9 /* TitilliumWeb-ExtraLightItalic.ttf */ = {isa = PBXFileReference; lastKnownFileType = file; path = "TitilliumWeb-ExtraLightItalic.ttf"; sourceTree = "<group>"; };
		B73F795A28BDE7620038E1A9 /* OFL.txt */ = {isa = PBXFileReference; fileEncoding = 4; lastKnownFileType = text; path = OFL.txt; sourceTree = "<group>"; };
		B73F795B28BDE7620038E1A9 /* TitilliumWeb-SemiBoldItalic.ttf */ = {isa = PBXFileReference; lastKnownFileType = file; path = "TitilliumWeb-SemiBoldItalic.ttf"; sourceTree = "<group>"; };
		B73F795C28BDE7620038E1A9 /* TitilliumWeb-LightItalic.ttf */ = {isa = PBXFileReference; lastKnownFileType = file; path = "TitilliumWeb-LightItalic.ttf"; sourceTree = "<group>"; };
		B73F795D28BDE7620038E1A9 /* TitilliumWeb-Italic.ttf */ = {isa = PBXFileReference; lastKnownFileType = file; path = "TitilliumWeb-Italic.ttf"; sourceTree = "<group>"; };
		B73F795E28BDE7620038E1A9 /* TitilliumWeb-Light.ttf */ = {isa = PBXFileReference; lastKnownFileType = file; path = "TitilliumWeb-Light.ttf"; sourceTree = "<group>"; };
		B73F796E28BDF6150038E1A9 /* ViewExtension.swift */ = {isa = PBXFileReference; lastKnownFileType = sourcecode.swift; path = ViewExtension.swift; sourceTree = "<group>"; };
		B73F797528BE1A9E0038E1A9 /* ContentListModel.swift */ = {isa = PBXFileReference; lastKnownFileType = sourcecode.swift; path = ContentListModel.swift; sourceTree = "<group>"; };
		B7D8783428C1CE66002FBE56 /* ContentListViewModel.swift */ = {isa = PBXFileReference; lastKnownFileType = sourcecode.swift; path = ContentListViewModel.swift; sourceTree = "<group>"; };
		B7D8783728C1CFDF002FBE56 /* InternetConnectionManager.swift */ = {isa = PBXFileReference; fileEncoding = 4; lastKnownFileType = sourcecode.swift; path = InternetConnectionManager.swift; sourceTree = "<group>"; };
/* End PBXFileReference section */

/* Begin PBXFrameworksBuildPhase section */
		B73F791728BDD9700038E1A9 /* Frameworks */ = {
			isa = PBXFrameworksBuildPhase;
			buildActionMask = 2147483647;
			files = (
			);
			runOnlyForDeploymentPostprocessing = 0;
		};
/* End PBXFrameworksBuildPhase section */

/* Begin PBXGroup section */
		B72D06A128BF71A900389D58 /* View */ = {
			isa = PBXGroup;
			children = (
				B73F792128BDD9700038E1A9 /* ViewController.swift */,
				B72D069F28BF70D500389D58 /* ListDataCollectionViewCell.swift */,
			);
			path = View;
			sourceTree = "<group>";
		};
		B72D06A228BF71B900389D58 /* Delegates */ = {
			isa = PBXGroup;
			children = (
				B73F791D28BDD9700038E1A9 /* AppDelegate.swift */,
				B73F791F28BDD9700038E1A9 /* SceneDelegate.swift */,
			);
			path = Delegates;
			sourceTree = "<group>";
		};
		B73F791128BDD96F0038E1A9 = {
			isa = PBXGroup;
			children = (
				B73F791C28BDD9700038E1A9 /* Test Project */,
				B73F791B28BDD9700038E1A9 /* Products */,
			);
			sourceTree = "<group>";
		};
		B73F791B28BDD9700038E1A9 /* Products */ = {
			isa = PBXGroup;
			children = (
				B73F791A28BDD9700038E1A9 /* Test Project.app */,
			);
			name = Products;
			sourceTree = "<group>";
		};
		B73F791C28BDD9700038E1A9 /* Test Project */ = {
			isa = PBXGroup;
			children = (
				B7D8783628C1CFB1002FBE56 /* Connectivity */,
				B72D06A228BF71B900389D58 /* Delegates */,
				B73F793128BDD99E0038E1A9 /* JSON */,
				B7D8783228C1CDAE002FBE56 /* MVVM */,
				B73F796D28BDF5FB0038E1A9 /* Extension */,
				B73F793828BDE6F90038E1A9 /* Font */,
				B73F792328BDD9700038E1A9 /* Main.storyboard */,
				B73F792628BDD9710038E1A9 /* Assets.xcassets */,
				B73F792828BDD9710038E1A9 /* LaunchScreen.storyboard */,
				B73F792B28BDD9710038E1A9 /* Info.plist */,
			);
			path = "Test Project";
			sourceTree = "<group>";
		};
		B73F793128BDD99E0038E1A9 /* JSON */ = {
			isa = PBXGroup;
			children = (
				B73F793328BDD9B70038E1A9 /* CONTENTLISTINGPAGE-PAGE1.json */,
				B73F793228BDD9B70038E1A9 /* CONTENTLISTINGPAGE-PAGE2.json */,
				B73F793428BDD9B70038E1A9 /* CONTENTLISTINGPAGE-PAGE3.json */,
			);
			path = JSON;
			sourceTree = "<group>";
		};
		B73F793828BDE6F90038E1A9 /* Font */ = {
			isa = PBXGroup;
			children = (
				B73F795228BDE7620038E1A9 /* titillium-web */,
			);
			path = Font;
			sourceTree = "<group>";
		};
		B73F795228BDE7620038E1A9 /* titillium-web */ = {
			isa = PBXGroup;
			children = (
				B73F795328BDE7620038E1A9 /* TitilliumWeb-Black.ttf */,
				B73F795428BDE7620038E1A9 /* TitilliumWeb-Bold.ttf */,
				B73F795528BDE7620038E1A9 /* TitilliumWeb-Regular.ttf */,
				B73F795628BDE7620038E1A9 /* TitilliumWeb-SemiBold.ttf */,
				B73F795728BDE7620038E1A9 /* TitilliumWeb-ExtraLight.ttf */,
				B73F795828BDE7620038E1A9 /* TitilliumWeb-BoldItalic.ttf */,
				B73F795928BDE7620038E1A9 /* TitilliumWeb-ExtraLightItalic.ttf */,
				B73F795A28BDE7620038E1A9 /* OFL.txt */,
				B73F795B28BDE7620038E1A9 /* TitilliumWeb-SemiBoldItalic.ttf */,
				B73F795C28BDE7620038E1A9 /* TitilliumWeb-LightItalic.ttf */,
				B73F795D28BDE7620038E1A9 /* TitilliumWeb-Italic.ttf */,
				B73F795E28BDE7620038E1A9 /* TitilliumWeb-Light.ttf */,
			);
			path = "titillium-web";
			sourceTree = "<group>";
		};
		B73F796D28BDF5FB0038E1A9 /* Extension */ = {
			isa = PBXGroup;
			children = (
				B73F796E28BDF6150038E1A9 /* ViewExtension.swift */,
			);
			path = Extension;
			sourceTree = "<group>";
		};
		B73F797428BE1A6E0038E1A9 /* Model */ = {
			isa = PBXGroup;
			children = (
				B73F797528BE1A9E0038E1A9 /* ContentListModel.swift */,
			);
			path = Model;
			sourceTree = "<group>";
		};
		B7D8783228C1CDAE002FBE56 /* MVVM */ = {
			isa = PBXGroup;
			children = (
				B73F797428BE1A6E0038E1A9 /* Model */,
				B72D06A128BF71A900389D58 /* View */,
				B7D8783328C1CDD2002FBE56 /* View Model */,
			);
			path = MVVM;
			sourceTree = "<group>";
		};
		B7D8783328C1CDD2002FBE56 /* View Model */ = {
			isa = PBXGroup;
			children = (
				B7D8783428C1CE66002FBE56 /* ContentListViewModel.swift */,
			);
			path = "View Model";
			sourceTree = "<group>";
		};
		B7D8783628C1CFB1002FBE56 /* Connectivity */ = {
			isa = PBXGroup;
			children = (
				B7D8783728C1CFDF002FBE56 /* InternetConnectionManager.swift */,
			);
			path = Connectivity;
			sourceTree = "<group>";
		};
/* End PBXGroup section */

/* Begin PBXNativeTarget section */
		B73F791928BDD9700038E1A9 /* Test Project */ = {
			isa = PBXNativeTarget;
			buildConfigurationList = B73F792E28BDD9710038E1A9 /* Build configuration list for PBXNativeTarget "Test Project" */;
			buildPhases = (
				B73F791628BDD9700038E1A9 /* Sources */,
				B73F791728BDD9700038E1A9 /* Frameworks */,
				B73F791828BDD9700038E1A9 /* Resources */,
			);
			buildRules = (
			);
			dependencies = (
			);
			name = "Test Project";
			productName = "Test Project";
			productReference = B73F791A28BDD9700038E1A9 /* Test Project.app */;
			productType = "com.apple.product-type.application";
		};
/* End PBXNativeTarget section */

/* Begin PBXProject section */
		B73F791228BDD96F0038E1A9 /* Project object */ = {
			isa = PBXProject;
			attributes = {
				BuildIndependentTargetsInParallel = 1;
				LastSwiftUpdateCheck = 1340;
				LastUpgradeCheck = 1340;
				TargetAttributes = {
					B73F791928BDD9700038E1A9 = {
						CreatedOnToolsVersion = 13.4.1;
					};
				};
			};
			buildConfigurationList = B73F791528BDD96F0038E1A9 /* Build configuration list for PBXProject "Test Project" */;
			compatibilityVersion = "Xcode 13.0";
			developmentRegion = en;
			hasScannedForEncodings = 0;
			knownRegions = (
				en,
				Base,
			);
			mainGroup = B73F791128BDD96F0038E1A9;
			productRefGroup = B73F791B28BDD9700038E1A9 /* Products */;
			projectDirPath = "";
			projectRoot = "";
			targets = (
				B73F791928BDD9700038E1A9 /* Test Project */,
			);
		};
/* End PBXProject section */

/* Begin PBXResourcesBuildPhase section */
		B73F791828BDD9700038E1A9 /* Resources */ = {
			isa = PBXResourcesBuildPhase;
			buildActionMask = 2147483647;
			files = (
				B73F796A28BDE7620038E1A9 /* TitilliumWeb-Light.ttf in Resources */,
				B73F796628BDE7620038E1A9 /* OFL.txt in Resources */,
				B73F796128BDE7620038E1A9 /* TitilliumWeb-Regular.ttf in Resources */,
				B73F796328BDE7620038E1A9 /* TitilliumWeb-ExtraLight.ttf in Resources */,
				B73F796528BDE7620038E1A9 /* TitilliumWeb-ExtraLightItalic.ttf in Resources */,
				B73F792A28BDD9710038E1A9 /* LaunchScreen.storyboard in Resources */,
				B73F792728BDD9710038E1A9 /* Assets.xcassets in Resources */,
				B73F796028BDE7620038E1A9 /* TitilliumWeb-Bold.ttf in Resources */,
				B73F793728BDD9B70038E1A9 /* CONTENTLISTINGPAGE-PAGE3.json in Resources */,
				B73F795F28BDE7620038E1A9 /* TitilliumWeb-Black.ttf in Resources */,
				B73F796728BDE7620038E1A9 /* TitilliumWeb-SemiBoldItalic.ttf in Resources */,
				B73F793628BDD9B70038E1A9 /* CONTENTLISTINGPAGE-PAGE1.json in Resources */,
				B73F796928BDE7620038E1A9 /* TitilliumWeb-Italic.ttf in Resources */,
				B73F792528BDD9700038E1A9 /* Main.storyboard in Resources */,
				B73F796228BDE7620038E1A9 /* TitilliumWeb-SemiBold.ttf in Resources */,
				B73F796428BDE7620038E1A9 /* TitilliumWeb-BoldItalic.ttf in Resources */,
				B73F796828BDE7620038E1A9 /* TitilliumWeb-LightItalic.ttf in Resources */,
				B73F793528BDD9B70038E1A9 /* CONTENTLISTINGPAGE-PAGE2.json in Resources */,
			);
			runOnlyForDeploymentPostprocessing = 0;
		};
/* End PBXResourcesBuildPhase section */

/* Begin PBXSourcesBuildPhase section */
		B73F791628BDD9700038E1A9 /* Sources */ = {
			isa = PBXSourcesBuildPhase;
			buildActionMask = 2147483647;
			files = (
				B73F792228BDD9700038E1A9 /* ViewController.swift in Sources */,
				B73F791E28BDD9700038E1A9 /* AppDelegate.swift in Sources */,
				B72D06A028BF70D500389D58 /* ListDataCollectionViewCell.swift in Sources */,
				B73F796F28BDF6150038E1A9 /* ViewExtension.swift in Sources */,
				B7D8783828C1CFDF002FBE56 /* InternetConnectionManager.swift in Sources */,
				B73F797628BE1A9E0038E1A9 /* ContentListModel.swift in Sources */,
				B7D8783528C1CE66002FBE56 /* ContentListViewModel.swift in Sources */,
				B73F792028BDD9700038E1A9 /* SceneDelegate.swift in Sources */,
			);
			runOnlyForDeploymentPostprocessing = 0;
		};
/* End PBXSourcesBuildPhase section */

/* Begin PBXVariantGroup section */
		B73F792328BDD9700038E1A9 /* Main.storyboard */ = {
			isa = PBXVariantGroup;
			children = (
				B73F792428BDD9700038E1A9 /* Base */,
			);
			name = Main.storyboard;
			sourceTree = "<group>";
		};
		B73F792828BDD9710038E1A9 /* LaunchScreen.storyboard */ = {
			isa = PBXVariantGroup;
			children = (
				B73F792928BDD9710038E1A9 /* Base */,
			);
			name = LaunchScreen.storyboard;
			sourceTree = "<group>";
		};
/* End PBXVariantGroup section */

/* Begin XCBuildConfiguration section */
		B73F792C28BDD9710038E1A9 /* Debug */ = {
			isa = XCBuildConfiguration;
			buildSettings = {
				ALWAYS_SEARCH_USER_PATHS = NO;
				CLANG_ANALYZER_NONNULL = YES;
				CLANG_ANALYZER_NUMBER_OBJECT_CONVERSION = YES_AGGRESSIVE;
				CLANG_CXX_LANGUAGE_STANDARD = "gnu++17";
				CLANG_ENABLE_MODULES = YES;
				CLANG_ENABLE_OBJC_ARC = YES;
				CLANG_ENABLE_OBJC_WEAK = YES;
				CLANG_WARN_BLOCK_CAPTURE_AUTORELEASING = YES;
				CLANG_WARN_BOOL_CONVERSION = YES;
				CLANG_WARN_COMMA = YES;
				CLANG_WARN_CONSTANT_CONVERSION = YES;
				CLANG_WARN_DEPRECATED_OBJC_IMPLEMENTATIONS = YES;
				CLANG_WARN_DIRECT_OBJC_ISA_USAGE = YES_ERROR;
				CLANG_WARN_DOCUMENTATION_COMMENTS = YES;
				CLANG_WARN_EMPTY_BODY = YES;
				CLANG_WARN_ENUM_CONVERSION = YES;
				CLANG_WARN_INFINITE_RECURSION = YES;
				CLANG_WARN_INT_CONVERSION = YES;
				CLANG_WARN_NON_LITERAL_NULL_CONVERSION = YES;
				CLANG_WARN_OBJC_IMPLICIT_RETAIN_SELF = YES;
				CLANG_WARN_OBJC_LITERAL_CONVERSION = YES;
				CLANG_WARN_OBJC_ROOT_CLASS = YES_ERROR;
				CLANG_WARN_QUOTED_INCLUDE_IN_FRAMEWORK_HEADER = YES;
				CLANG_WARN_RANGE_LOOP_ANALYSIS = YES;
				CLANG_WARN_STRICT_PROTOTYPES = YES;
				CLANG_WARN_SUSPICIOUS_MOVE = YES;
				CLANG_WARN_UNGUARDED_AVAILABILITY = YES_AGGRESSIVE;
				CLANG_WARN_UNREACHABLE_CODE = YES;
				CLANG_WARN__DUPLICATE_METHOD_MATCH = YES;
				COPY_PHASE_STRIP = NO;
				DEBUG_INFORMATION_FORMAT = dwarf;
				ENABLE_STRICT_OBJC_MSGSEND = YES;
				ENABLE_TESTABILITY = YES;
				GCC_C_LANGUAGE_STANDARD = gnu11;
				GCC_DYNAMIC_NO_PIC = NO;
				GCC_NO_COMMON_BLOCKS = YES;
				GCC_OPTIMIZATION_LEVEL = 0;
				GCC_PREPROCESSOR_DEFINITIONS = (
					"DEBUG=1",
					"$(inherited)",
				);
				GCC_WARN_64_TO_32_BIT_CONVERSION = YES;
				GCC_WARN_ABOUT_RETURN_TYPE = YES_ERROR;
				GCC_WARN_UNDECLARED_SELECTOR = YES;
				GCC_WARN_UNINITIALIZED_AUTOS = YES_AGGRESSIVE;
				GCC_WARN_UNUSED_FUNCTION = YES;
				GCC_WARN_UNUSED_VARIABLE = YES;
				IPHONEOS_DEPLOYMENT_TARGET = 15.5;
				MTL_ENABLE_DEBUG_INFO = INCLUDE_SOURCE;
				MTL_FAST_MATH = YES;
				ONLY_ACTIVE_ARCH = YES;
				SDKROOT = iphoneos;
				SWIFT_ACTIVE_COMPILATION_CONDITIONS = DEBUG;
				SWIFT_OPTIMIZATION_LEVEL = "-Onone";
			};
			name = Debug;
		};
		B73F792D28BDD9710038E1A9 /* Release */ = {
			isa = XCBuildConfiguration;
			buildSettings = {
				ALWAYS_SEARCH_USER_PATHS = NO;
				CLANG_ANALYZER_NONNULL = YES;
				CLANG_ANALYZER_NUMBER_OBJECT_CONVERSION = YES_AGGRESSIVE;
				CLANG_CXX_LANGUAGE_STANDARD = "gnu++17";
				CLANG_ENABLE_MODULES = YES;
				CLANG_ENABLE_OBJC_ARC = YES;
				CLANG_ENABLE_OBJC_WEAK = YES;
				CLANG_WARN_BLOCK_CAPTURE_AUTORELEASING = YES;
				CLANG_WARN_BOOL_CONVERSION = YES;
				CLANG_WARN_COMMA = YES;
				CLANG_WARN_CONSTANT_CONVERSION = YES;
				CLANG_WARN_DEPRECATED_OBJC_IMPLEMENTATIONS = YES;
				CLANG_WARN_DIRECT_OBJC_ISA_USAGE = YES_ERROR;
				CLANG_WARN_DOCUMENTATION_COMMENTS = YES;
				CLANG_WARN_EMPTY_BODY = YES;
				CLANG_WARN_ENUM_CONVERSION = YES;
				CLANG_WARN_INFINITE_RECURSION = YES;
				CLANG_WARN_INT_CONVERSION = YES;
				CLANG_WARN_NON_LITERAL_NULL_CONVERSION = YES;
				CLANG_WARN_OBJC_IMPLICIT_RETAIN_SELF = YES;
				CLANG_WARN_OBJC_LITERAL_CONVERSION = YES;
				CLANG_WARN_OBJC_ROOT_CLASS = YES_ERROR;
				CLANG_WARN_QUOTED_INCLUDE_IN_FRAMEWORK_HEADER = YES;
				CLANG_WARN_RANGE_LOOP_ANALYSIS = YES;
				CLANG_WARN_STRICT_PROTOTYPES = YES;
				CLANG_WARN_SUSPICIOUS_MOVE = YES;
				CLANG_WARN_UNGUARDED_AVAILABILITY = YES_AGGRESSIVE;
				CLANG_WARN_UNREACHABLE_CODE = YES;
				CLANG_WARN__DUPLICATE_METHOD_MATCH = YES;
				COPY_PHASE_STRIP = NO;
				DEBUG_INFORMATION_FORMAT = "dwarf-with-dsym";
				ENABLE_NS_ASSERTIONS = NO;
				ENABLE_STRICT_OBJC_MSGSEND = YES;
				GCC_C_LANGUAGE_STANDARD = gnu11;
				GCC_NO_COMMON_BLOCKS = YES;
				GCC_WARN_64_TO_32_BIT_CONVERSION = YES;
				GCC_WARN_ABOUT_RETURN_TYPE = YES_ERROR;
				GCC_WARN_UNDECLARED_SELECTOR = YES;
				GCC_WARN_UNINITIALIZED_AUTOS = YES_AGGRESSIVE;
				GCC_WARN_UNUSED_FUNCTION = YES;
				GCC_WARN_UNUSED_VARIABLE = YES;
				IPHONEOS_DEPLOYMENT_TARGET = 15.5;
				MTL_ENABLE_DEBUG_INFO = NO;
				MTL_FAST_MATH = YES;
				SDKROOT = iphoneos;
				SWIFT_COMPILATION_MODE = wholemodule;
				SWIFT_OPTIMIZATION_LEVEL = "-O";
				VALIDATE_PRODUCT = YES;
			};
			name = Release;
		};
		B73F792F28BDD9710038E1A9 /* Debug */ = {
			isa = XCBuildConfiguration;
			buildSettings = {
				ASSETCATALOG_COMPILER_APPICON_NAME = AppIcon;
				ASSETCATALOG_COMPILER_GLOBAL_ACCENT_COLOR_NAME = AccentColor;
				CODE_SIGN_STYLE = Automatic;
				CURRENT_PROJECT_VERSION = 1;
				DEVELOPMENT_TEAM = MQ7SJA6JG8;
				GENERATE_INFOPLIST_FILE = YES;
				INFOPLIST_FILE = "Test Project/Info.plist";
				INFOPLIST_KEY_UIApplicationSupportsIndirectInputEvents = YES;
				INFOPLIST_KEY_UILaunchStoryboardName = LaunchScreen;
				INFOPLIST_KEY_UIMainStoryboardFile = Main;
				INFOPLIST_KEY_UISupportedInterfaceOrientations_iPad = "UIInterfaceOrientationPortrait UIInterfaceOrientationPortraitUpsideDown UIInterfaceOrientationLandscapeLeft UIInterfaceOrientationLandscapeRight";
				INFOPLIST_KEY_UISupportedInterfaceOrientations_iPhone = "UIInterfaceOrientationPortrait UIInterfaceOrientationLandscapeLeft UIInterfaceOrientationLandscapeRight";
				LD_RUNPATH_SEARCH_PATHS = (
					"$(inherited)",
					"@executable_path/Frameworks",
				);
				MARKETING_VERSION = 1.0;
				PRODUCT_BUNDLE_IDENTIFIER = "Acemero.Test-Project";
				PRODUCT_NAME = "$(TARGET_NAME)";
				SWIFT_EMIT_LOC_STRINGS = YES;
				SWIFT_VERSION = 5.0;
				TARGETED_DEVICE_FAMILY = "1,2";
			};
			name = Debug;
		};
		B73F793028BDD9710038E1A9 /* Release */ = {
			isa = XCBuildConfiguration;
			buildSettings = {
				ASSETCATALOG_COMPILER_APPICON_NAME = AppIcon;
				ASSETCATALOG_COMPILER_GLOBAL_ACCENT_COLOR_NAME = AccentColor;
				CODE_SIGN_STYLE = Automatic;
				CURRENT_PROJECT_VERSION = 1;
				DEVELOPMENT_TEAM = MQ7SJA6JG8;
				GENERATE_INFOPLIST_FILE = YES;
				INFOPLIST_FILE = "Test Project/Info.plist";
				INFOPLIST_KEY_UIApplicationSupportsIndirectInputEvents = YES;
				INFOPLIST_KEY_UILaunchStoryboardName = LaunchScreen;
				INFOPLIST_KEY_UIMainStoryboardFile = Main;
				INFOPLIST_KEY_UISupportedInterfaceOrientations_iPad = "UIInterfaceOrientationPortrait UIInterfaceOrientationPortraitUpsideDown UIInterfaceOrientationLandscapeLeft UIInterfaceOrientationLandscapeRight";
				INFOPLIST_KEY_UISupportedInterfaceOrientations_iPhone = "UIInterfaceOrientationPortrait UIInterfaceOrientationLandscapeLeft UIInterfaceOrientationLandscapeRight";
				LD_RUNPATH_SEARCH_PATHS = (
					"$(inherited)",
					"@executable_path/Frameworks",
				);
				MARKETING_VERSION = 1.0;
				PRODUCT_BUNDLE_IDENTIFIER = "Acemero.Test-Project";
				PRODUCT_NAME = "$(TARGET_NAME)";
				SWIFT_EMIT_LOC_STRINGS = YES;
				SWIFT_VERSION = 5.0;
				TARGETED_DEVICE_FAMILY = "1,2";
			};
			name = Release;
		};
/* End XCBuildConfiguration section */

/* Begin XCConfigurationList section */
		B73F791528BDD96F0038E1A9 /* Build configuration list for PBXProject "Test Project" */ = {
			isa = XCConfigurationList;
			buildConfigurations = (
				B73F792C28BDD9710038E1A9 /* Debug */,
				B73F792D28BDD9710038E1A9 /* Release */,
			);
			defaultConfigurationIsVisible = 0;
			defaultConfigurationName = Release;
		};
		B73F792E28BDD9710038E1A9 /* Build configuration list for PBXNativeTarget "Test Project" */ = {
			isa = XCConfigurationList;
			buildConfigurations = (
				B73F792F28BDD9710038E1A9 /* Debug */,
				B73F793028BDD9710038E1A9 /* Release */,
			);
			defaultConfigurationIsVisible = 0;
			defaultConfigurationName = Release;
		};
/* End XCConfigurationList section */
	};
	rootObject = B73F791228BDD96F0038E1A9 /* Project object */;
}
